[[package]]
name = "annotated-types"
version = "0.6.0"
description = "Reusable constraint types to use with typing.Annotated"
category = "main"
optional = false
python-versions = ">=3.8"

[package.dependencies]
typing-extensions = {version = ">=4.0.0", markers = "python_version < \"3.9\""}

[[package]]
name = "anyio"
version = "3.7.1"
description = "High level compatibility layer for multiple asynchronous event loop implementations"
category = "main"
optional = false
python-versions = ">=3.7"

[package.dependencies]
exceptiongroup = {version = "*", markers = "python_version < \"3.11\""}
idna = ">=2.8"
sniffio = ">=1.1"

[package.extras]
doc = ["packaging", "sphinx", "sphinx-rtd-theme (>=1.2.2)", "sphinxcontrib-jquery", "sphinx-autodoc-typehints (>=1.2.0)"]
test = ["anyio", "coverage[toml] (>=4.5)", "hypothesis (>=4.0)", "psutil (>=5.9)", "pytest (>=7.0)", "pytest-mock (>=3.6.1)", "trustme", "uvloop (>=0.17)", "mock (>=4)"]
trio = ["trio (<0.22)"]

[[package]]
name = "atomicwrites"
version = "1.4.1"
description = "Atomic file writes."
category = "dev"
optional = false
python-versions = ">=2.7, !=3.0.*, !=3.1.*, !=3.2.*, !=3.3.*"

[[package]]
name = "attrs"
version = "23.1.0"
description = "Classes Without Boilerplate"
category = "dev"
optional = false
python-versions = ">=3.7"

[package.extras]
cov = ["attrs", "coverage[toml] (>=5.3)"]
dev = ["attrs", "pre-commit"]
docs = ["furo", "myst-parser", "sphinx", "sphinx-notfound-page", "sphinxcontrib-towncrier", "towncrier", "zope-interface"]
tests = ["attrs", "zope-interface"]
tests-no-zope = ["cloudpickle", "hypothesis", "mypy (>=1.1.1)", "pympler", "pytest-mypy-plugins", "pytest-xdist", "pytest (>=4.3.0)"]

[[package]]
name = "bcrypt"
version = "4.1.1"
description = "Modern password hashing for your software and your servers"
category = "main"
optional = false
python-versions = ">=3.7"

[package.extras]
tests = ["pytest (>=3.2.1,!=3.3.0)"]
typecheck = ["mypy"]

[[package]]
name = "certifi"
version = "2023.11.17"
description = "Python package for providing Mozilla's CA Bundle."
category = "main"
optional = false
python-versions = ">=3.6"

[[package]]
name = "colorama"
version = "0.4.6"
description = "Cross-platform colored terminal text."
category = "dev"
optional = false
python-versions = "!=3.0.*,!=3.1.*,!=3.2.*,!=3.3.*,!=3.4.*,!=3.5.*,!=3.6.*,>=2.7"

[[package]]
name = "ecdsa"
version = "0.18.0"
description = "ECDSA cryptographic signature library (pure python)"
category = "main"
optional = false
python-versions = ">=2.6, !=3.0.*, !=3.1.*, !=3.2.*"

[package.dependencies]
six = ">=1.9.0"

[package.extras]
gmpy = ["gmpy"]
gmpy2 = ["gmpy2"]

[[package]]
name = "exceptiongroup"
version = "1.2.0"
description = "Backport of PEP 654 (exception groups)"
category = "main"
optional = false
python-versions = ">=3.7"

[package.extras]
test = ["pytest (>=6)"]

[[package]]
name = "fastapi"
version = "0.104.1"
description = "FastAPI framework, high performance, easy to learn, fast to code, ready for production"
category = "main"
optional = false
python-versions = ">=3.8"

[package.dependencies]
anyio = ">=3.7.1,<4.0.0"
pydantic = ">=1.7.4,<1.8 || >1.8,<1.8.1 || >1.8.1,<2.0.0 || >2.0.0,<2.0.1 || >2.0.1,<2.1.0 || >2.1.0,<3.0.0"
starlette = ">=0.27.0,<0.28.0"
typing-extensions = ">=4.8.0"

[package.extras]
all = ["email-validator (>=2.0.0)", "httpx (>=0.23.0)", "itsdangerous (>=1.1.0)", "jinja2 (>=2.11.2)", "orjson (>=3.2.1)", "pydantic-extra-types (>=2.0.0)", "pydantic-settings (>=2.0.0)", "python-multipart (>=0.0.5)", "pyyaml (>=5.3.1)", "ujson (>=4.0.1,!=4.0.2,!=4.1.0,!=4.2.0,!=4.3.0,!=5.0.0,!=5.1.0)", "uvicorn[standard] (>=0.12.0)"]

[[package]]
name = "h11"
version = "0.14.0"
description = "A pure-Python, bring-your-own-I/O implementation of HTTP/1.1"
category = "main"
optional = false
python-versions = ">=3.7"

[[package]]
name = "httpcore"
version = "1.0.2"
description = "A minimal low-level HTTP client."
category = "main"
optional = false
python-versions = ">=3.8"

[package.dependencies]
certifi = "*"
h11 = ">=0.13,<0.15"

[package.extras]
asyncio = ["anyio (>=4.0,<5.0)"]
http2 = ["h2 (>=3,<5)"]
socks = ["socksio (>=1.0.0,<2.0.0)"]
trio = ["trio (>=0.22.0,<0.23.0)"]

[[package]]
name = "httpx"
version = "0.25.2"
description = "The next generation HTTP client."
category = "main"
optional = false
python-versions = ">=3.8"

[package.dependencies]
anyio = "*"
certifi = "*"
httpcore = ">=1.0.0,<2.0.0"
idna = "*"
sniffio = "*"

[package.extras]
brotli = ["brotli", "brotlicffi"]
cli = ["click (>=8.0.0,<9.0.0)", "pygments (>=2.0.0,<3.0.0)", "rich (>=10,<14)"]
http2 = ["h2 (>=3,<5)"]
socks = ["socksio (>=1.0.0,<2.0.0)"]

[[package]]
name = "idna"
version = "3.6"
description = "Internationalized Domain Names in Applications (IDNA)"
category = "main"
optional = false
python-versions = ">=3.5"

[[package]]
name = "more-itertools"
version = "10.1.0"
description = "More routines for operating on iterables, beyond itertools"
category = "dev"
optional = false
python-versions = ">=3.8"

[[package]]
name = "packaging"
version = "23.2"
description = "Core utilities for Python packages"
category = "dev"
optional = false
python-versions = ">=3.7"

[[package]]
name = "passlib"
version = "1.7.4"
description = "comprehensive password hashing framework supporting over 30 schemes"
category = "main"
optional = false
python-versions = "*"

[package.dependencies]
bcrypt = {version = ">=3.1.0", optional = true, markers = "extra == \"bcrypt\""}

[package.extras]
argon2 = ["argon2-cffi (>=18.2.0)"]
bcrypt = ["bcrypt (>=3.1.0)"]
build_docs = ["sphinx (>=1.6)", "sphinxcontrib-fulltoc (>=1.2.0)", "cloud-sptheme (>=1.10.1)"]
totp = ["cryptography"]

[[package]]
name = "pluggy"
version = "0.13.1"
description = "plugin and hook calling mechanisms for python"
category = "dev"
optional = false
python-versions = ">=2.7, !=3.0.*, !=3.1.*, !=3.2.*, !=3.3.*"

[package.extras]
dev = ["pre-commit", "tox"]

[[package]]
name = "py"
version = "1.11.0"
description = "library with cross-python path, ini-parsing, io, code, log facilities"
category = "dev"
optional = false
python-versions = ">=2.7, !=3.0.*, !=3.1.*, !=3.2.*, !=3.3.*, !=3.4.*"

[[package]]
name = "pyasn1"
version = "0.5.1"
description = "Pure-Python implementation of ASN.1 types and DER/BER/CER codecs (X.208)"
category = "main"
optional = false
python-versions = "!=3.0.*,!=3.1.*,!=3.2.*,!=3.3.*,!=3.4.*,!=3.5.*,>=2.7"

[[package]]
name = "pydantic"
version = "2.5.2"
description = "Data validation using Python type hints"
category = "main"
optional = false
python-versions = ">=3.7"

[package.dependencies]
annotated-types = ">=0.4.0"
pydantic-core = "2.14.5"
typing-extensions = ">=4.6.1"

[package.extras]
email = ["email-validator (>=2.0.0)"]

[[package]]
name = "pydantic-core"
version = "2.14.5"
description = ""
category = "main"
optional = false
python-versions = ">=3.7"

[package.dependencies]
typing-extensions = ">=4.6.0,<4.7.0 || >4.7.0"

[[package]]
name = "pytest"
version = "5.4.3"
description = "pytest: simple powerful testing with Python"
category = "dev"
optional = false
python-versions = ">=3.5"

[package.dependencies]
atomicwrites = {version = ">=1.0", markers = "sys_platform == \"win32\""}
attrs = ">=17.4.0"
colorama = {version = "*", markers = "sys_platform == \"win32\""}
more-itertools = ">=4.0.0"
packaging = "*"
pluggy = ">=0.12,<1.0"
py = ">=1.5.0"
wcwidth = "*"

[package.extras]
checkqa-mypy = ["mypy (==v0.761)"]
testing = ["argcomplete", "hypothesis (>=3.56)", "mock", "nose", "requests", "xmlschema"]

[[package]]
name = "python-jose"
version = "3.3.0"
description = "JOSE implementation in Python"
category = "main"
optional = false
python-versions = "*"

[package.dependencies]
ecdsa = "!=0.15"
pyasn1 = "*"
rsa = "*"

[package.extras]
cryptography = ["cryptography (>=3.4.0)"]
pycrypto = ["pycrypto (>=2.6.0,<2.7.0)", "pyasn1"]
pycryptodome = ["pycryptodome (>=3.3.1,<4.0.0)", "pyasn1"]

[[package]]
name = "python-multipart"
version = "0.0.6"
description = "A streaming multipart parser for Python"
category = "main"
optional = false
python-versions = ">=3.7"

[package.extras]
dev = ["atomicwrites (==1.2.1)", "attrs (==19.2.0)", "coverage (==6.5.0)", "hatch", "invoke (==1.7.3)", "more-itertools (==4.3.0)", "pbr (==4.3.0)", "pluggy (==1.0.0)", "py (==1.11.0)", "pytest-cov (==4.0.0)", "pytest-timeout (==2.1.0)", "pytest (==7.2.0)", "pyyaml (==5.1)"]

[[package]]
name = "rsa"
version = "4.9"
description = "Pure-Python RSA implementation"
category = "main"
optional = false
python-versions = ">=3.6,<4"

[package.dependencies]
pyasn1 = ">=0.1.3"

[[package]]
name = "six"
version = "1.16.0"
description = "Python 2 and 3 compatibility utilities"
category = "main"
optional = false
python-versions = ">=2.7, !=3.0.*, !=3.1.*, !=3.2.*"

[[package]]
name = "sniffio"
version = "1.3.0"
description = "Sniff out which async library your code is running under"
category = "main"
optional = false
python-versions = ">=3.7"

[[package]]
name = "starlette"
version = "0.27.0"
description = "The little ASGI library that shines."
category = "main"
optional = false
python-versions = ">=3.7"

[package.dependencies]
anyio = ">=3.4.0,<5"
typing-extensions = {version = ">=3.10.0", markers = "python_version < \"3.10\""}

[package.extras]
full = ["httpx (>=0.22.0)", "itsdangerous", "jinja2", "python-multipart", "pyyaml"]

[[package]]
name = "typing-extensions"
version = "4.8.0"
description = "Backported and Experimental Type Hints for Python 3.8+"
category = "main"
optional = false
python-versions = ">=3.8"

[[package]]
name = "wcwidth"
version = "0.2.12"
description = "Measures the displayed width of unicode strings in a terminal"
category = "dev"
optional = false
python-versions = "*"

[metadata]
lock-version = "1.1"
python-versions = "^3.8"
content-hash = "a29d8e28f78e8a69eb5233cca48d829e8238782311859957b766872d8b3cda07"

[metadata.files]
annotated-types = []
anyio = []
atomicwrites = []
attrs = []
bcrypt = []
certifi = []
colorama = []
ecdsa = []
exceptiongroup = []
fastapi = []
h11 = []
httpcore = []
httpx = []
idna = []
more-itertools = []
packaging = []
passlib = []
pluggy = []
py = []
pyasn1 = []
pydantic = []
pydantic-core = []
pytest = []
python-jose = []
python-multipart = []
rsa = []
six = []
sniffio = []
starlette = []
typing-extensions = []
wcwidth = []
